
Microsoft Visual Studio Solution File, Format Version 12.00
# Visual Studio Version 17
VisualStudioVersion = 17.9.34728.123
MinimumVisualStudioVersion = 10.0.40219.1
Project("{FAE04EC0-301F-11D3-BF4B-00C04F79EFBC}") = "Notes", "Notes\Notes.csproj", "{633C9733-251B-4DFF-8A8A-9FEA6817D2F6}"
EndProject
Global
	GlobalSection(SolutionConfigurationPlatforms) = preSolution
		Debug|Any CPU = Debug|Any CPU
		Release|Any CPU = Release|Any CPU
	EndGlobalSection
	GlobalSection(ProjectConfigurationPlatforms) = postSolution
		{633C9733-251B-4DFF-8A8A-9FEA6817D2F6}.Debug|Any CPU.ActiveCfg = Debug|Any CPU
		{633C9733-251B-4DFF-8A8A-9FEA6817D2F6}.Debug|Any CPU.Build.0 = Debug|Any CPU
		{633C9733-251B-4DFF-8A8A-9FEA6817D2F6}.Debug|Any CPU.Deploy.0 = Debug|Any CPU
		{633C9733-251B-4DFF-8A8A-9FEA6817D2F6}.Release|Any CPU.ActiveCfg = Release|Any CPU
		{633C9733-251B-4DFF-8A8A-9FEA6817D2F6}.Release|Any CPU.Build.0 = Release|Any CPU
		{633C9733-251B-4DFF-8A8A-9FEA6817D2F6}.Release|Any CPU.Deploy.0 = Release|Any CPU
	EndGlobalSection
	GlobalSection(SolutionProperties) = preSolution
		HideSolutionNode = FALSE
	EndGlobalSection
	GlobalSection(ExtensibilityGlobals) = postSolution
		SolutionGuid = {658D161E-8C16-4C46-B75A-D560B4B6EB60}
	EndGlobalSection
EndGlobal
